
Microsoft Visual Studio Solution File, Format Version 12.00
# Visual Studio Version 17
VisualStudioVersion = 17.1.32421.90
MinimumVisualStudioVersion = 10.0.40219.1
Project("{FAE04EC0-301F-11D3-BF4B-00C04F79EFBC}") = "app", "app\app.csproj", "{BFBBE380-9A79-482E-98C4-2F9C9D7F6555}"
EndProject
Global
	GlobalSection(SolutionConfigurationPlatforms) = preSolution
		Debug|Any CPU = Debug|Any CPU
		Release|Any CPU = Release|Any CPU
	EndGlobalSection
	GlobalSection(ProjectConfigurationPlatforms) = postSolution
		{BFBBE380-9A79-482E-98C4-2F9C9D7F6555}.Debug|Any CPU.ActiveCfg = Debug|Any CPU
		{BFBBE380-9A79-482E-98C4-2F9C9D7F6555}.Debug|Any CPU.Build.0 = Debug|Any CPU
		{BFBBE380-9A79-482E-98C4-2F9C9D7F6555}.Release|Any CPU.ActiveCfg = Release|Any CPU
		{BFBBE380-9A79-482E-98C4-2F9C9D7F6555}.Release|Any CPU.Build.0 = Release|Any CPU
	EndGlobalSection
	GlobalSection(SolutionProperties) = preSolution
		HideSolutionNode = FALSE
	EndGlobalSection
	GlobalSection(ExtensibilityGlobals) = postSolution
		SolutionGuid = {30CE0276-49D5-40EE-8EF2-D662565719EC}
	EndGlobalSection
EndGlobal
